
Microsoft Visual Studio Solution File, Format Version 12.00
# Visual Studio Version 17
VisualStudioVersion = 17.14.36705.20
MinimumVisualStudioVersion = 10.0.40219.1
Project("{FAE04EC0-301F-11D3-BF4B-00C04F79EFBC}") = "TodoList", "TodoList\TodoList.csproj", "{32D99239-4160-43E8-B788-51AACE3D0EDC}"
EndProject
Project("{FAE04EC0-301F-11D3-BF4B-00C04F79EFBC}") = "ToDoList.WebApi", "ToDoList.WebApi\ToDoList.WebApi.csproj", "{90658FF0-6448-4600-9B99-D207393D99C1}"
EndProject
Project("{2150E333-8FDC-42A3-9474-1A3956D46DE8}") = "2.Application", "2.Application", "{679BC13D-1607-44B5-8DC7-A39892B21756}"
EndProject
Project("{2150E333-8FDC-42A3-9474-1A3956D46DE8}") = "1.DistributedServices", "1.DistributedServices", "{706B6F65-E135-4017-B4DA-E75521522623}"
EndProject
Project("{FAE04EC0-301F-11D3-BF4B-00C04F79EFBC}") = "ToDoList.Application", "ToDoList.Application\ToDoList.Application.csproj", "{FA9EF5E2-C45C-4FEC-B542-E82E0EA037FE}"
EndProject
Project("{FAE04EC0-301F-11D3-BF4B-00C04F79EFBC}") = "ToDoList.Client", "ToDoList.Client\ToDoList.Client.csproj", "{A1E0CA74-A51C-4B8F-BDFE-B1C05C8D4C8C}"
EndProject
Project("{FAE04EC0-301F-11D3-BF4B-00C04F79EFBC}") = "ToDoList.Domain", "ToDoList.Domain\ToDoList.Domain.csproj", "{02BDF198-5F1B-48FD-BDE4-645F8E41854D}"
EndProject
Project("{FAE04EC0-301F-11D3-BF4B-00C04F79EFBC}") = "ToDoList.Infrastructure", "ToDoList.Infrastructure\ToDoList.Infrastructure.csproj", "{4DA468DF-AF8C-44D7-9453-DDBD871095DB}"
EndProject
Project("{FAE04EC0-301F-11D3-BF4B-00C04F79EFBC}") = "ToDoList.Tests", "ToDoList.Tests\ToDoList.Tests.csproj", "{CF6D0A73-7BD4-4D7A-B136-0E90BFAAE873}"
EndProject
Global
	GlobalSection(SolutionConfigurationPlatforms) = preSolution
		Debug|Any CPU = Debug|Any CPU
		Debug|x64 = Debug|x64
		Debug|x86 = Debug|x86
		Release|Any CPU = Release|Any CPU
		Release|x64 = Release|x64
		Release|x86 = Release|x86
	EndGlobalSection
	GlobalSection(ProjectConfigurationPlatforms) = postSolution
		{32D99239-4160-43E8-B788-51AACE3D0EDC}.Debug|Any CPU.ActiveCfg = Debug|Any CPU
		{32D99239-4160-43E8-B788-51AACE3D0EDC}.Debug|Any CPU.Build.0 = Debug|Any CPU
		{32D99239-4160-43E8-B788-51AACE3D0EDC}.Debug|x64.ActiveCfg = Debug|Any CPU
		{32D99239-4160-43E8-B788-51AACE3D0EDC}.Debug|x64.Build.0 = Debug|Any CPU
		{32D99239-4160-43E8-B788-51AACE3D0EDC}.Debug|x86.ActiveCfg = Debug|Any CPU
		{32D99239-4160-43E8-B788-51AACE3D0EDC}.Debug|x86.Build.0 = Debug|Any CPU
		{32D99239-4160-43E8-B788-51AACE3D0EDC}.Release|Any CPU.ActiveCfg = Release|Any CPU
		{32D99239-4160-43E8-B788-51AACE3D0EDC}.Release|Any CPU.Build.0 = Release|Any CPU
		{32D99239-4160-43E8-B788-51AACE3D0EDC}.Release|x64.ActiveCfg = Release|Any CPU
		{32D99239-4160-43E8-B788-51AACE3D0EDC}.Release|x64.Build.0 = Release|Any CPU
		{32D99239-4160-43E8-B788-51AACE3D0EDC}.Release|x86.ActiveCfg = Release|Any CPU
		{32D99239-4160-43E8-B788-51AACE3D0EDC}.Release|x86.Build.0 = Release|Any CPU
		{90658FF0-6448-4600-9B99-D207393D99C1}.Debug|Any CPU.ActiveCfg = Debug|Any CPU
		{90658FF0-6448-4600-9B99-D207393D99C1}.Debug|Any CPU.Build.0 = Debug|Any CPU
		{90658FF0-6448-4600-9B99-D207393D99C1}.Debug|x64.ActiveCfg = Debug|Any CPU
		{90658FF0-6448-4600-9B99-D207393D99C1}.Debug|x64.Build.0 = Debug|Any CPU
		{90658FF0-6448-4600-9B99-D207393D99C1}.Debug|x86.ActiveCfg = Debug|Any CPU
		{90658FF0-6448-4600-9B99-D207393D99C1}.Debug|x86.Build.0 = Debug|Any CPU
		{90658FF0-6448-4600-9B99-D207393D99C1}.Release|Any CPU.ActiveCfg = Release|Any CPU
		{90658FF0-6448-4600-9B99-D207393D99C1}.Release|Any CPU.Build.0 = Release|Any CPU
		{90658FF0-6448-4600-9B99-D207393D99C1}.Release|x64.ActiveCfg = Release|Any CPU
		{90658FF0-6448-4600-9B99-D207393D99C1}.Release|x64.Build.0 = Release|Any CPU
		{90658FF0-6448-4600-9B99-D207393D99C1}.Release|x86.ActiveCfg = Release|Any CPU
		{90658FF0-6448-4600-9B99-D207393D99C1}.Release|x86.Build.0 = Release|Any CPU
		{FA9EF5E2-C45C-4FEC-B542-E82E0EA037FE}.Debug|Any CPU.ActiveCfg = Debug|Any CPU
		{FA9EF5E2-C45C-4FEC-B542-E82E0EA037FE}.Debug|Any CPU.Build.0 = Debug|Any CPU
		{FA9EF5E2-C45C-4FEC-B542-E82E0EA037FE}.Debug|x64.ActiveCfg = Debug|Any CPU
		{FA9EF5E2-C45C-4FEC-B542-E82E0EA037FE}.Debug|x64.Build.0 = Debug|Any CPU
		{FA9EF5E2-C45C-4FEC-B542-E82E0EA037FE}.Debug|x86.ActiveCfg = Debug|Any CPU
		{FA9EF5E2-C45C-4FEC-B542-E82E0EA037FE}.Debug|x86.Build.0 = Debug|Any CPU
		{FA9EF5E2-C45C-4FEC-B542-E82E0EA037FE}.Release|Any CPU.ActiveCfg = Release|Any CPU
		{FA9EF5E2-C45C-4FEC-B542-E82E0EA037FE}.Release|Any CPU.Build.0 = Release|Any CPU
		{FA9EF5E2-C45C-4FEC-B542-E82E0EA037FE}.Release|x64.ActiveCfg = Release|Any CPU
		{FA9EF5E2-C45C-4FEC-B542-E82E0EA037FE}.Release|x64.Build.0 = Release|Any CPU
		{FA9EF5E2-C45C-4FEC-B542-E82E0EA037FE}.Release|x86.ActiveCfg = Release|Any CPU
		{FA9EF5E2-C45C-4FEC-B542-E82E0EA037FE}.Release|x86.Build.0 = Release|Any CPU
		{A1E0CA74-A51C-4B8F-BDFE-B1C05C8D4C8C}.Debug|Any CPU.ActiveCfg = Debug|Any CPU
		{A1E0CA74-A51C-4B8F-BDFE-B1C05C8D4C8C}.Debug|Any CPU.Build.0 = Debug|Any CPU
		{A1E0CA74-A51C-4B8F-BDFE-B1C05C8D4C8C}.Debug|x64.ActiveCfg = Debug|Any CPU
		{A1E0CA74-A51C-4B8F-BDFE-B1C05C8D4C8C}.Debug|x64.Build.0 = Debug|Any CPU
		{A1E0CA74-A51C-4B8F-BDFE-B1C05C8D4C8C}.Debug|x86.ActiveCfg = Debug|Any CPU
		{A1E0CA74-A51C-4B8F-BDFE-B1C05C8D4C8C}.Debug|x86.Build.0 = Debug|Any CPU
		{A1E0CA74-A51C-4B8F-BDFE-B1C05C8D4C8C}.Release|Any CPU.ActiveCfg = Release|Any CPU
		{A1E0CA74-A51C-4B8F-BDFE-B1C05C8D4C8C}.Release|Any CPU.Build.0 = Release|Any CPU
		{A1E0CA74-A51C-4B8F-BDFE-B1C05C8D4C8C}.Release|x64.ActiveCfg = Release|Any CPU
		{A1E0CA74-A51C-4B8F-BDFE-B1C05C8D4C8C}.Release|x64.Build.0 = Release|Any CPU
		{A1E0CA74-A51C-4B8F-BDFE-B1C05C8D4C8C}.Release|x86.ActiveCfg = Release|Any CPU
		{A1E0CA74-A51C-4B8F-BDFE-B1C05C8D4C8C}.Release|x86.Build.0 = Release|Any CPU
		{02BDF198-5F1B-48FD-BDE4-645F8E41854D}.Debug|Any CPU.ActiveCfg = Debug|Any CPU
		{02BDF198-5F1B-48FD-BDE4-645F8E41854D}.Debug|Any CPU.Build.0 = Debug|Any CPU
		{02BDF198-5F1B-48FD-BDE4-645F8E41854D}.Debug|x64.ActiveCfg = Debug|Any CPU
		{02BDF198-5F1B-48FD-BDE4-645F8E41854D}.Debug|x64.Build.0 = Debug|Any CPU
		{02BDF198-5F1B-48FD-BDE4-645F8E41854D}.Debug|x86.ActiveCfg = Debug|Any CPU
		{02BDF198-5F1B-48FD-BDE4-645F8E41854D}.Debug|x86.Build.0 = Debug|Any CPU
		{02BDF198-5F1B-48FD-BDE4-645F8E41854D}.Release|Any CPU.ActiveCfg = Release|Any CPU
		{02BDF198-5F1B-48FD-BDE4-645F8E41854D}.Release|Any CPU.Build.0 = Release|Any CPU
		{02BDF198-5F1B-48FD-BDE4-645F8E41854D}.Release|x64.ActiveCfg = Release|Any CPU
		{02BDF198-5F1B-48FD-BDE4-645F8E41854D}.Release|x64.Build.0 = Release|Any CPU
		{02BDF198-5F1B-48FD-BDE4-645F8E41854D}.Release|x86.ActiveCfg = Release|Any CPU
		{02BDF198-5F1B-48FD-BDE4-645F8E41854D}.Release|x86.Build.0 = Release|Any CPU
		{4DA468DF-AF8C-44D7-9453-DDBD871095DB}.Debug|Any CPU.ActiveCfg = Debug|Any CPU
		{4DA468DF-AF8C-44D7-9453-DDBD871095DB}.Debug|Any CPU.Build.0 = Debug|Any CPU
		{4DA468DF-AF8C-44D7-9453-DDBD871095DB}.Debug|x64.ActiveCfg = Debug|Any CPU
		{4DA468DF-AF8C-44D7-9453-DDBD871095DB}.Debug|x64.Build.0 = Debug|Any CPU
		{4DA468DF-AF8C-44D7-9453-DDBD871095DB}.Debug|x86.ActiveCfg = Debug|Any CPU
		{4DA468DF-AF8C-44D7-9453-DDBD871095DB}.Debug|x86.Build.0 = Debug|Any CPU
		{4DA468DF-AF8C-44D7-9453-DDBD871095DB}.Release|Any CPU.ActiveCfg = Release|Any CPU
		{4DA468DF-AF8C-44D7-9453-DDBD871095DB}.Release|Any CPU.Build.0 = Release|Any CPU
		{4DA468DF-AF8C-44D7-9453-DDBD871095DB}.Release|x64.ActiveCfg = Release|Any CPU
		{4DA468DF-AF8C-44D7-9453-DDBD871095DB}.Release|x64.Build.0 = Release|Any CPU
		{4DA468DF-AF8C-44D7-9453-DDBD871095DB}.Release|x86.ActiveCfg = Release|Any CPU
		{4DA468DF-AF8C-44D7-9453-DDBD871095DB}.Release|x86.Build.0 = Release|Any CPU
		{CF6D0A73-7BD4-4D7A-B136-0E90BFAAE873}.Debug|Any CPU.ActiveCfg = Debug|Any CPU
		{CF6D0A73-7BD4-4D7A-B136-0E90BFAAE873}.Debug|Any CPU.Build.0 = Debug|Any CPU
		{CF6D0A73-7BD4-4D7A-B136-0E90BFAAE873}.Debug|x64.ActiveCfg = Debug|Any CPU
		{CF6D0A73-7BD4-4D7A-B136-0E90BFAAE873}.Debug|x64.Build.0 = Debug|Any CPU
		{CF6D0A73-7BD4-4D7A-B136-0E90BFAAE873}.Debug|x86.ActiveCfg = Debug|Any CPU
		{CF6D0A73-7BD4-4D7A-B136-0E90BFAAE873}.Debug|x86.Build.0 = Debug|Any CPU
		{CF6D0A73-7BD4-4D7A-B136-0E90BFAAE873}.Release|Any CPU.ActiveCfg = Release|Any CPU
		{CF6D0A73-7BD4-4D7A-B136-0E90BFAAE873}.Release|Any CPU.Build.0 = Release|Any CPU
		{CF6D0A73-7BD4-4D7A-B136-0E90BFAAE873}.Release|x64.ActiveCfg = Release|Any CPU
		{CF6D0A73-7BD4-4D7A-B136-0E90BFAAE873}.Release|x64.Build.0 = Release|Any CPU
		{CF6D0A73-7BD4-4D7A-B136-0E90BFAAE873}.Release|x86.ActiveCfg = Release|Any CPU
		{CF6D0A73-7BD4-4D7A-B136-0E90BFAAE873}.Release|x86.Build.0 = Release|Any CPU
	EndGlobalSection
	GlobalSection(SolutionProperties) = preSolution
		HideSolutionNode = FALSE
	EndGlobalSection
	GlobalSection(NestedProjects) = preSolution
		{32D99239-4160-43E8-B788-51AACE3D0EDC} = {706B6F65-E135-4017-B4DA-E75521522623}
		{90658FF0-6448-4600-9B99-D207393D99C1} = {706B6F65-E135-4017-B4DA-E75521522623}
		{FA9EF5E2-C45C-4FEC-B542-E82E0EA037FE} = {679BC13D-1607-44B5-8DC7-A39892B21756}
		{A1E0CA74-A51C-4B8F-BDFE-B1C05C8D4C8C} = {706B6F65-E135-4017-B4DA-E75521522623}
	EndGlobalSection
	GlobalSection(ExtensibilityGlobals) = postSolution
		SolutionGuid = {AA5E6D39-0E35-49E9-9C27-AFEBDD6DC938}
	EndGlobalSection
EndGlobal
