
Microsoft Visual Studio Solution File, Format Version 12.00
# Visual Studio Version 17
VisualStudioVersion = 17.14.36705.20
MinimumVisualStudioVersion = 10.0.40219.1
Project("{FAE04EC0-301F-11D3-BF4B-00C04F79EFBC}") = "TodoList", "TodoList\TodoList.csproj", "{32D99239-4160-43E8-B788-51AACE3D0EDC}"
EndProject
Project("{FAE04EC0-301F-11D3-BF4B-00C04F79EFBC}") = "ToDoList.WebApi", "ToDoList.WebApi\ToDoList.WebApi.csproj", "{90658FF0-6448-4600-9B99-D207393D99C1}"
EndProject
Project("{2150E333-8FDC-42A3-9474-1A3956D46DE8}") = "4.Data", "4.Data", "{02EA681E-C7D8-13C7-8484-4AC65E1B71E8}"
EndProject
Project("{2150E333-8FDC-42A3-9474-1A3956D46DE8}") = "3.Domain", "3.Domain", "{1F0BF011-911E-4CC0-8021-3D005ACF2F09}"
EndProject
Project("{2150E333-8FDC-42A3-9474-1A3956D46DE8}") = "2.Application", "2.Application", "{679BC13D-1607-44B5-8DC7-A39892B21756}"
EndProject
Project("{2150E333-8FDC-42A3-9474-1A3956D46DE8}") = "1.DistributedServices", "1.DistributedServices", "{706B6F65-E135-4017-B4DA-E75521522623}"
EndProject
Project("{FAE04EC0-301F-11D3-BF4B-00C04F79EFBC}") = "ToDoList.Repository", "ToDoListRepository\ToDoList.Repository.csproj", "{AC110A81-92B5-4C52-94A8-BC9538F655FD}"
EndProject
Project("{FAE04EC0-301F-11D3-BF4B-00C04F79EFBC}") = "ToDoList.Domain.Impl", "ToDoList.Domain.Impl\ToDoList.Domain.Impl.csproj", "{14A12B96-7D8A-4EF7-A338-8FA1FC25402E}"
EndProject
Project("{FAE04EC0-301F-11D3-BF4B-00C04F79EFBC}") = "ToDoList.Application.Models", "ToDoList.Application.Models\ToDoList.Application.Models.csproj", "{5C47FD14-CBC0-47C1-9CB8-C18726E67760}"
EndProject
Project("{FAE04EC0-301F-11D3-BF4B-00C04F79EFBC}") = "ToDoList.Domain.Models", "ToDoList.Domain.Models\ToDoList.Domain.Models.csproj", "{5298BF41-44FA-489A-BA38-D86A401B50F2}"
EndProject
Project("{FAE04EC0-301F-11D3-BF4B-00C04F79EFBC}") = "ToDoList.Application", "ToDoList.Application\ToDoList.Application.csproj", "{FA9EF5E2-C45C-4FEC-B542-E82E0EA037FE}"
EndProject
Project("{FAE04EC0-301F-11D3-BF4B-00C04F79EFBC}") = "ToDoList.Application.Impl", "ToDoList.Application.Impl\ToDoList.Application.Impl.csproj", "{0E71C723-670E-4161-8056-9B439BFE28FE}"
EndProject
Project("{FAE04EC0-301F-11D3-BF4B-00C04F79EFBC}") = "ToDoList.Domain.Test", "ToDoList.Domain.Test\ToDoList.Domain.Test.csproj", "{86022855-76AB-4882-89D0-ADB6668C78D7}"
EndProject
Project("{FAE04EC0-301F-11D3-BF4B-00C04F79EFBC}") = "ToDoList.Domain.Contracts", "ToDoList.Domain.Contracts\ToDoList.Domain.Contracts.csproj", "{08FEE7B8-5EF1-4C43-90F4-DBB484C42D63}"
EndProject
Project("{FAE04EC0-301F-11D3-BF4B-00C04F79EFBC}") = "ToDoList.Client", "ToDoList.Client\ToDoList.Client.csproj", "{A1E0CA74-A51C-4B8F-BDFE-B1C05C8D4C8C}"
EndProject
Global
	GlobalSection(SolutionConfigurationPlatforms) = preSolution
		Debug|Any CPU = Debug|Any CPU
		Release|Any CPU = Release|Any CPU
	EndGlobalSection
	GlobalSection(ProjectConfigurationPlatforms) = postSolution
		{32D99239-4160-43E8-B788-51AACE3D0EDC}.Debug|Any CPU.ActiveCfg = Debug|Any CPU
		{32D99239-4160-43E8-B788-51AACE3D0EDC}.Debug|Any CPU.Build.0 = Debug|Any CPU
		{32D99239-4160-43E8-B788-51AACE3D0EDC}.Release|Any CPU.ActiveCfg = Release|Any CPU
		{32D99239-4160-43E8-B788-51AACE3D0EDC}.Release|Any CPU.Build.0 = Release|Any CPU
		{90658FF0-6448-4600-9B99-D207393D99C1}.Debug|Any CPU.ActiveCfg = Debug|Any CPU
		{90658FF0-6448-4600-9B99-D207393D99C1}.Debug|Any CPU.Build.0 = Debug|Any CPU
		{90658FF0-6448-4600-9B99-D207393D99C1}.Release|Any CPU.ActiveCfg = Release|Any CPU
		{90658FF0-6448-4600-9B99-D207393D99C1}.Release|Any CPU.Build.0 = Release|Any CPU
		{AC110A81-92B5-4C52-94A8-BC9538F655FD}.Debug|Any CPU.ActiveCfg = Debug|Any CPU
		{AC110A81-92B5-4C52-94A8-BC9538F655FD}.Debug|Any CPU.Build.0 = Debug|Any CPU
		{AC110A81-92B5-4C52-94A8-BC9538F655FD}.Release|Any CPU.ActiveCfg = Release|Any CPU
		{AC110A81-92B5-4C52-94A8-BC9538F655FD}.Release|Any CPU.Build.0 = Release|Any CPU
		{14A12B96-7D8A-4EF7-A338-8FA1FC25402E}.Debug|Any CPU.ActiveCfg = Debug|Any CPU
		{14A12B96-7D8A-4EF7-A338-8FA1FC25402E}.Debug|Any CPU.Build.0 = Debug|Any CPU
		{14A12B96-7D8A-4EF7-A338-8FA1FC25402E}.Release|Any CPU.ActiveCfg = Release|Any CPU
		{14A12B96-7D8A-4EF7-A338-8FA1FC25402E}.Release|Any CPU.Build.0 = Release|Any CPU
		{5C47FD14-CBC0-47C1-9CB8-C18726E67760}.Debug|Any CPU.ActiveCfg = Debug|Any CPU
		{5C47FD14-CBC0-47C1-9CB8-C18726E67760}.Debug|Any CPU.Build.0 = Debug|Any CPU
		{5C47FD14-CBC0-47C1-9CB8-C18726E67760}.Release|Any CPU.ActiveCfg = Release|Any CPU
		{5C47FD14-CBC0-47C1-9CB8-C18726E67760}.Release|Any CPU.Build.0 = Release|Any CPU
		{5298BF41-44FA-489A-BA38-D86A401B50F2}.Debug|Any CPU.ActiveCfg = Debug|Any CPU
		{5298BF41-44FA-489A-BA38-D86A401B50F2}.Debug|Any CPU.Build.0 = Debug|Any CPU
		{5298BF41-44FA-489A-BA38-D86A401B50F2}.Release|Any CPU.ActiveCfg = Release|Any CPU
		{5298BF41-44FA-489A-BA38-D86A401B50F2}.Release|Any CPU.Build.0 = Release|Any CPU
		{FA9EF5E2-C45C-4FEC-B542-E82E0EA037FE}.Debug|Any CPU.ActiveCfg = Debug|Any CPU
		{FA9EF5E2-C45C-4FEC-B542-E82E0EA037FE}.Debug|Any CPU.Build.0 = Debug|Any CPU
		{FA9EF5E2-C45C-4FEC-B542-E82E0EA037FE}.Release|Any CPU.ActiveCfg = Release|Any CPU
		{FA9EF5E2-C45C-4FEC-B542-E82E0EA037FE}.Release|Any CPU.Build.0 = Release|Any CPU
		{0E71C723-670E-4161-8056-9B439BFE28FE}.Debug|Any CPU.ActiveCfg = Debug|Any CPU
		{0E71C723-670E-4161-8056-9B439BFE28FE}.Debug|Any CPU.Build.0 = Debug|Any CPU
		{0E71C723-670E-4161-8056-9B439BFE28FE}.Release|Any CPU.ActiveCfg = Release|Any CPU
		{0E71C723-670E-4161-8056-9B439BFE28FE}.Release|Any CPU.Build.0 = Release|Any CPU
		{86022855-76AB-4882-89D0-ADB6668C78D7}.Debug|Any CPU.ActiveCfg = Debug|Any CPU
		{86022855-76AB-4882-89D0-ADB6668C78D7}.Debug|Any CPU.Build.0 = Debug|Any CPU
		{86022855-76AB-4882-89D0-ADB6668C78D7}.Release|Any CPU.ActiveCfg = Release|Any CPU
		{86022855-76AB-4882-89D0-ADB6668C78D7}.Release|Any CPU.Build.0 = Release|Any CPU
		{08FEE7B8-5EF1-4C43-90F4-DBB484C42D63}.Debug|Any CPU.ActiveCfg = Debug|Any CPU
		{08FEE7B8-5EF1-4C43-90F4-DBB484C42D63}.Debug|Any CPU.Build.0 = Debug|Any CPU
		{08FEE7B8-5EF1-4C43-90F4-DBB484C42D63}.Release|Any CPU.ActiveCfg = Release|Any CPU
		{08FEE7B8-5EF1-4C43-90F4-DBB484C42D63}.Release|Any CPU.Build.0 = Release|Any CPU
		{A1E0CA74-A51C-4B8F-BDFE-B1C05C8D4C8C}.Debug|Any CPU.ActiveCfg = Debug|Any CPU
		{A1E0CA74-A51C-4B8F-BDFE-B1C05C8D4C8C}.Debug|Any CPU.Build.0 = Debug|Any CPU
		{A1E0CA74-A51C-4B8F-BDFE-B1C05C8D4C8C}.Release|Any CPU.ActiveCfg = Release|Any CPU
		{A1E0CA74-A51C-4B8F-BDFE-B1C05C8D4C8C}.Release|Any CPU.Build.0 = Release|Any CPU
	EndGlobalSection
	GlobalSection(SolutionProperties) = preSolution
		HideSolutionNode = FALSE
	EndGlobalSection
	GlobalSection(NestedProjects) = preSolution
		{32D99239-4160-43E8-B788-51AACE3D0EDC} = {706B6F65-E135-4017-B4DA-E75521522623}
		{90658FF0-6448-4600-9B99-D207393D99C1} = {706B6F65-E135-4017-B4DA-E75521522623}
		{AC110A81-92B5-4C52-94A8-BC9538F655FD} = {02EA681E-C7D8-13C7-8484-4AC65E1B71E8}
		{14A12B96-7D8A-4EF7-A338-8FA1FC25402E} = {1F0BF011-911E-4CC0-8021-3D005ACF2F09}
		{5C47FD14-CBC0-47C1-9CB8-C18726E67760} = {679BC13D-1607-44B5-8DC7-A39892B21756}
		{5298BF41-44FA-489A-BA38-D86A401B50F2} = {1F0BF011-911E-4CC0-8021-3D005ACF2F09}
		{FA9EF5E2-C45C-4FEC-B542-E82E0EA037FE} = {679BC13D-1607-44B5-8DC7-A39892B21756}
		{0E71C723-670E-4161-8056-9B439BFE28FE} = {679BC13D-1607-44B5-8DC7-A39892B21756}
		{86022855-76AB-4882-89D0-ADB6668C78D7} = {1F0BF011-911E-4CC0-8021-3D005ACF2F09}
		{08FEE7B8-5EF1-4C43-90F4-DBB484C42D63} = {1F0BF011-911E-4CC0-8021-3D005ACF2F09}
		{A1E0CA74-A51C-4B8F-BDFE-B1C05C8D4C8C} = {706B6F65-E135-4017-B4DA-E75521522623}
	EndGlobalSection
	GlobalSection(ExtensibilityGlobals) = postSolution
		SolutionGuid = {AA5E6D39-0E35-49E9-9C27-AFEBDD6DC938}
	EndGlobalSection
EndGlobal
